// !$*UTF8*$!
{
	archiveVersion = 1;
	classes = {
	};
	objectVersion = 50;
	objects = {

/* Begin PBXBuildFile section */
		18B9ABC021D7139F00FBF534 /* AppDelegate.swift in Sources */ = {isa = PBXBuildFile; fileRef = 18B9ABBF21D7139F00FBF534 /* AppDelegate.swift */; };
		18B9ABC221D7139F00FBF534 /* ViewController.swift in Sources */ = {isa = PBXBuildFile; fileRef = 18B9ABC121D7139F00FBF534 /* ViewController.swift */; };
		18B9ABC521D7139F00FBF534 /* Main.storyboard in Resources */ = {isa = PBXBuildFile; fileRef = 18B9ABC321D7139F00FBF534 /* Main.storyboard */; };
		18B9ABC721D713A000FBF534 /* Assets.xcassets in Resources */ = {isa = PBXBuildFile; fileRef = 18B9ABC621D713A000FBF534 /* Assets.xcassets */; };
		18B9ABCA21D713A000FBF534 /* LaunchScreen.storyboard in Resources */ = {isa = PBXBuildFile; fileRef = 18B9ABC821D713A000FBF534 /* LaunchScreen.storyboard */; };
		18B9ABD521D713A000FBF534 /* TestTests.swift in Sources */ = {isa = PBXBuildFile; fileRef = 18B9ABD421D713A000FBF534 /* TestTests.swift */; };
		18B9ABE021D713A000FBF534 /* TestUITests.swift in Sources */ = {isa = PBXBuildFile; fileRef = 18B9ABDF21D713A000FBF534 /* TestUITests.swift */; };
/* End PBXBuildFile section */

/* Begin PBXContainerItemProxy section */
		18B9ABD121D713A000FBF534 /* PBXContainerItemProxy */ = {
			isa = PBXContainerItemProxy;
			containerPortal = 18B9ABB421D7139F00FBF534 /* Project object */;
			proxyType = 1;
			remoteGlobalIDString = 18B9ABBB21D7139F00FBF534;
			remoteInfo = Test;
		};
		18B9ABDC21D713A000FBF534 /* PBXContainerItemProxy */ = {
			isa = PBXContainerItemProxy;
			containerPortal = 18B9ABB421D7139F00FBF534 /* Project object */;
			proxyType = 1;
			remoteGlobalIDString = 18B9ABBB21D7139F00FBF534;
			remoteInfo = Test;
		};
/* End PBXContainerItemProxy section */

/* Begin PBXFileReference section */
		18B9ABBC21D7139F00FBF534 /* Test.app */ = {isa = PBXFileReference; explicitFileType = wrapper.application; includeInIndex = 0; path = Test.app; sourceTree = BUILT_PRODUCTS_DIR; };
		18B9ABBF21D7139F00FBF534 /* AppDelegate.swift */ = {isa = PBXFileReference; lastKnownFileType = sourcecode.swift; path = AppDelegate.swift; sourceTree = "<group>"; };
		18B9ABC121D7139F00FBF534 /* ViewController.swift */ = {isa = PBXFileReference; lastKnownFileType = sourcecode.swift; path = ViewController.swift; sourceTree = "<group>"; };
		18B9ABC421D7139F00FBF534 /* Base */ = {isa = PBXFileReference; lastKnownFileType = file.storyboard; name = Base; path = Base.lproj/Main.storyboard; sourceTree = "<group>"; };
		18B9ABC621D713A000FBF534 /* Assets.xcassets */ = {isa = PBXFileReference; lastKnownFileType = folder.assetcatalog; path = Assets.xcassets; sourceTree = "<group>"; };
		18B9ABC921D713A000FBF534 /* Base */ = {isa = PBXFileReference; lastKnownFileType = file.storyboard; name = Base; path = Base.lproj/LaunchScreen.storyboard; sourceTree = "<group>"; };
		18B9ABCB21D713A000FBF534 /* Info.plist */ = {isa = PBXFileReference; lastKnownFileType = text.plist.xml; path = Info.plist; sourceTree = "<group>"; };
		18B9ABD021D713A000FBF534 /* TestTests.xctest */ = {isa = PBXFileReference; explicitFileType = wrapper.cfbundle; includeInIndex = 0; path = TestTests.xctest; sourceTree = BUILT_PRODUCTS_DIR; };
		18B9ABD421D713A000FBF534 /* TestTests.swift */ = {isa = PBXFileReference; lastKnownFileType = sourcecode.swift; path = TestTests.swift; sourceTree = "<group>"; };
		18B9ABD621D713A000FBF534 /* Info.plist */ = {isa = PBXFileReference; lastKnownFileType = text.plist.xml; path = Info.plist; sourceTree = "<group>"; };
		18B9ABDB21D713A000FBF534 /* TestUITests.xctest */ = {isa = PBXFileReference; explicitFileType = wrapper.cfbundle; includeInIndex = 0; path = TestUITests.xctest; sourceTree = BUILT_PRODUCTS_DIR; };
		18B9ABDF21D713A000FBF534 /* TestUITests.swift */ = {isa = PBXFileReference; lastKnownFileType = sourcecode.swift; path = TestUITests.swift; sourceTree = "<group>"; };
		18B9ABE121D713A000FBF534 /* Info.plist */ = {isa = PBXFileReference; lastKnownFileType = text.plist.xml; path = Info.plist; sourceTree = "<group>"; };
/* End PBXFileReference section */

/* Begin PBXFrameworksBuildPhase section */
		18B9ABB921D7139F00FBF534 /* Frameworks */ = {
			isa = PBXFrameworksBuildPhase;
			buildActionMask = 2147483647;
			files = (
			);
			runOnlyForDeploymentPostprocessing = 0;
		};
		18B9ABCD21D713A000FBF534 /* Frameworks */ = {
			isa = PBXFrameworksBuildPhase;
			buildActionMask = 2147483647;
			files = (
			);
			runOnlyForDeploymentPostprocessing = 0;
		};
		18B9ABD821D713A000FBF534 /* Frameworks */ = {
			isa = PBXFrameworksBuildPhase;
			buildActionMask = 2147483647;
			files = (
			);
			runOnlyForDeploymentPostprocessing = 0;
		};
/* End PBXFrameworksBuildPhase section */

/* Begin PBXGroup section */
		18B9ABB321D7139F00FBF534 = {
			isa = PBXGroup;
			children = (
				18B9ABBE21D7139F00FBF534 /* Test */,
				18B9ABD321D713A000FBF534 /* TestTests */,
				18B9ABDE21D713A000FBF534 /* TestUITests */,
				18B9ABBD21D7139F00FBF534 /* Products */,
			);
			sourceTree = "<group>";
		};
		18B9ABBD21D7139F00FBF534 /* Products */ = {
			isa = PBXGroup;
			children = (
				18B9ABBC21D7139F00FBF534 /* Test.app */,
				18B9ABD021D713A000FBF534 /* TestTests.xctest */,
				18B9ABDB21D713A000FBF534 /* TestUITests.xctest */,
			);
			name = Products;
			sourceTree = "<group>";
		};
		18B9ABBE21D7139F00FBF534 /* Test */ = {
			isa = PBXGroup;
			children = (
				18B9ABBF21D7139F00FBF534 /* AppDelegate.swift */,
				18B9ABC121D7139F00FBF534 /* ViewController.swift */,
				18B9ABC321D7139F00FBF534 /* Main.storyboard */,
				18B9ABC621D713A000FBF534 /* Assets.xcassets */,
				18B9ABC821D713A000FBF534 /* LaunchScreen.storyboard */,
				18B9ABCB21D713A000FBF534 /* Info.plist */,
			);
			path = Test;
			sourceTree = "<group>";
		};
		18B9ABD321D713A000FBF534 /* TestTests */ = {
			isa = PBXGroup;
			children = (
				18B9ABD421D713A000FBF534 /* TestTests.swift */,
				18B9ABD621D713A000FBF534 /* Info.plist */,
			);
			path = TestTests;
			sourceTree = "<group>";
		};
		18B9ABDE21D713A000FBF534 /* TestUITests */ = {
			isa = PBXGroup;
			children = (
				18B9ABDF21D713A000FBF534 /* TestUITests.swift */,
				18B9ABE121D713A000FBF534 /* Info.plist */,
			);
			path = TestUITests;
			sourceTree = "<group>";
		};
/* End PBXGroup section */

/* Begin PBXNativeTarget section */
		18B9ABBB21D7139F00FBF534 /* Test */ = {
			isa = PBXNativeTarget;
			buildConfigurationList = 18B9ABE421D713A000FBF534 /* Build configuration list for PBXNativeTarget "Test" */;
			buildPhases = (
				18B9ABB821D7139F00FBF534 /* Sources */,
				18B9ABB921D7139F00FBF534 /* Frameworks */,
				18B9ABBA21D7139F00FBF534 /* Resources */,
			);
			buildRules = (
			);
			dependencies = (
			);
			name = Test;
			productName = Test;
			productReference = 18B9ABBC21D7139F00FBF534 /* Test.app */;
			productType = "com.apple.product-type.application";
		};
		18B9ABCF21D713A000FBF534 /* TestTests */ = {
			isa = PBXNativeTarget;
			buildConfigurationList = 18B9ABE721D713A000FBF534 /* Build configuration list for PBXNativeTarget "TestTests" */;
			buildPhases = (
				18B9ABCC21D713A000FBF534 /* Sources */,
				18B9ABCD21D713A000FBF534 /* Frameworks */,
				18B9ABCE21D713A000FBF534 /* Resources */,
			);
			buildRules = (
			);
			dependencies = (
				18B9ABD221D713A000FBF534 /* PBXTargetDependency */,
			);
			name = TestTests;
			productName = TestTests;
			productReference = 18B9ABD021D713A000FBF534 /* TestTests.xctest */;
			productType = "com.apple.product-type.bundle.unit-test";
		};
		18B9ABDA21D713A000FBF534 /* TestUITests */ = {
			isa = PBXNativeTarget;
			buildConfigurationList = 18B9ABEA21D713A000FBF534 /* Build configuration list for PBXNativeTarget "TestUITests" */;
			buildPhases = (
				18B9ABD721D713A000FBF534 /* Sources */,
				18B9ABD821D713A000FBF534 /* Frameworks */,
				18B9ABD921D713A000FBF534 /* Resources */,
			);
			buildRules = (
			);
			dependencies = (
				18B9ABDD21D713A000FBF534 /* PBXTargetDependency */,
			);
			name = TestUITests;
			productName = TestUITests;
			productReference = 18B9ABDB21D713A000FBF534 /* TestUITests.xctest */;
			productType = "com.apple.product-type.bundle.ui-testing";
		};
/* End PBXNativeTarget section */

/* Begin PBXProject section */
		18B9ABB421D7139F00FBF534 /* Project object */ = {
			isa = PBXProject;
			attributes = {
				LastSwiftUpdateCheck = 1010;
				LastUpgradeCheck = 1010;
				ORGANIZATIONNAME = apple;
				TargetAttributes = {
					18B9ABBB21D7139F00FBF534 = {
						CreatedOnToolsVersion = 10.1;
					};
					18B9ABCF21D713A000FBF534 = {
						CreatedOnToolsVersion = 10.1;
						TestTargetID = 18B9ABBB21D7139F00FBF534;
					};
					18B9ABDA21D713A000FBF534 = {
						CreatedOnToolsVersion = 10.1;
						TestTargetID = 18B9ABBB21D7139F00FBF534;
					};
				};
			};
			buildConfigurationList = 18B9ABB721D7139F00FBF534 /* Build configuration list for PBXProject "Test" */;
			compatibilityVersion = "Xcode 9.3";
			developmentRegion = en;
			hasScannedForEncodings = 0;
			knownRegions = (
				en,
				Base,
			);
			mainGroup = 18B9ABB321D7139F00FBF534;
			productRefGroup = 18B9ABBD21D7139F00FBF534 /* Products */;
			projectDirPath = "";
			projectRoot = "";
			targets = (
				18B9ABBB21D7139F00FBF534 /* Test */,
				18B9ABCF21D713A000FBF534 /* TestTests */,
				18B9ABDA21D713A000FBF534 /* TestUITests */,
			);
		};
/* End PBXProject section */

/* Begin PBXResourcesBuildPhase section */
		18B9ABBA21D7139F00FBF534 /* Resources */ = {
			isa = PBXResourcesBuildPhase;
			buildActionMask = 2147483647;
			files = (
				18B9ABCA21D713A000FBF534 /* LaunchScreen.storyboard in Resources */,
				18B9ABC721D713A000FBF534 /* Assets.xcassets in Resources */,
				18B9ABC521D7139F00FBF534 /* Main.storyboard in Resources */,
			);
			runOnlyForDeploymentPostprocessing = 0;
		};
		18B9ABCE21D713A000FBF534 /* Resources */ = {
			isa = PBXResourcesBuildPhase;
			buildActionMask = 2147483647;
			files = (
			);
			runOnlyForDeploymentPostprocessing = 0;
		};
		18B9ABD921D713A000FBF534 /* Resources */ = {
			isa = PBXResourcesBuildPhase;
			buildActionMask = 2147483647;
			files = (
			);
			runOnlyForDeploymentPostprocessing = 0;
		};
/* End PBXResourcesBuildPhase section */

/* Begin PBXSourcesBuildPhase section */
		18B9ABB821D7139F00FBF534 /* Sources */ = {
			isa = PBXSourcesBuildPhase;
			buildActionMask = 2147483647;
			files = (
				18B9ABC221D7139F00FBF534 /* ViewController.swift in Sources */,
				18B9ABC021D7139F00FBF534 /* AppDelegate.swift in Sources */,
			);
			runOnlyForDeploymentPostprocessing = 0;
		};
		18B9ABCC21D713A000FBF534 /* Sources */ = {
			isa = PBXSourcesBuildPhase;
			buildActionMask = 2147483647;
			files = (
				18B9ABD521D713A000FBF534 /* TestTests.swift in Sources */,
			);
			runOnlyForDeploymentPostprocessing = 0;
		};
		18B9ABD721D713A000FBF534 /* Sources */ = {
			isa = PBXSourcesBuildPhase;
			buildActionMask = 2147483647;
			files = (
				18B9ABE021D713A000FBF534 /* TestUITests.swift in Sources */,
			);
			runOnlyForDeploymentPostprocessing = 0;
		};
/* End PBXSourcesBuildPhase section */

/* Begin PBXTargetDependency section */
		18B9ABD221D713A000FBF534 /* PBXTargetDependency */ = {
			isa = PBXTargetDependency;
			target = 18B9ABBB21D7139F00FBF534 /* Test */;
			targetProxy = 18B9ABD121D713A000FBF534 /* PBXContainerItemProxy */;
		};
		18B9ABDD21D713A000FBF534 /* PBXTargetDependency */ = {
			isa = PBXTargetDependency;
			target = 18B9ABBB21D7139F00FBF534 /* Test */;
			targetProxy = 18B9ABDC21D713A000FBF534 /* PBXContainerItemProxy */;
		};
/* End PBXTargetDependency section */

/* Begin PBXVariantGroup section */
		18B9ABC321D7139F00FBF534 /* Main.storyboard */ = {
			isa = PBXVariantGroup;
			children = (
				18B9ABC421D7139F00FBF534 /* Base */,
			);
			name = Main.storyboard;
			sourceTree = "<group>";
		};
		18B9ABC821D713A000FBF534 /* LaunchScreen.storyboard */ = {
			isa = PBXVariantGroup;
			children = (
				18B9ABC921D713A000FBF534 /* Base */,
			);
			name = LaunchScreen.storyboard;
			sourceTree = "<group>";
		};
/* End PBXVariantGroup section */

/* Begin XCBuildConfiguration section */
		18B9ABE221D713A000FBF534 /* Debug */ = {
			isa = XCBuildConfiguration;
			buildSettings = {
				ALWAYS_SEARCH_USER_PATHS = NO;
				CLANG_ANALYZER_NONNULL = YES;
				CLANG_ANALYZER_NUMBER_OBJECT_CONVERSION = YES_AGGRESSIVE;
				CLANG_CXX_LANGUAGE_STANDARD = "gnu++14";
				CLANG_CXX_LIBRARY = "libc++";
				CLANG_ENABLE_MODULES = YES;
				CLANG_ENABLE_OBJC_ARC = YES;
				CLANG_ENABLE_OBJC_WEAK = YES;
				CLANG_WARN_BLOCK_CAPTURE_AUTORELEASING = YES;
				CLANG_WARN_BOOL_CONVERSION = YES;
				CLANG_WARN_COMMA = YES;
				CLANG_WARN_CONSTANT_CONVERSION = YES;
				CLANG_WARN_DEPRECATED_OBJC_IMPLEMENTATIONS = YES;
				CLANG_WARN_DIRECT_OBJC_ISA_USAGE = YES_ERROR;
				CLANG_WARN_DOCUMENTATION_COMMENTS = YES;
				CLANG_WARN_EMPTY_BODY = YES;
				CLANG_WARN_ENUM_CONVERSION = YES;
				CLANG_WARN_INFINITE_RECURSION = YES;
				CLANG_WARN_INT_CONVERSION = YES;
				CLANG_WARN_NON_LITERAL_NULL_CONVERSION = YES;
				CLANG_WARN_OBJC_IMPLICIT_RETAIN_SELF = YES;
				CLANG_WARN_OBJC_LITERAL_CONVERSION = YES;
				CLANG_WARN_OBJC_ROOT_CLASS = YES_ERROR;
				CLANG_WARN_RANGE_LOOP_ANALYSIS = YES;
				CLANG_WARN_STRICT_PROTOTYPES = YES;
				CLANG_WARN_SUSPICIOUS_MOVE = YES;
				CLANG_WARN_UNGUARDED_AVAILABILITY = YES_AGGRESSIVE;
				CLANG_WARN_UNREACHABLE_CODE = YES;
				CLANG_WARN__DUPLICATE_METHOD_MATCH = YES;
				CODE_SIGN_IDENTITY = "iPhone Developer";
				COPY_PHASE_STRIP = NO;
				DEBUG_INFORMATION_FORMAT = dwarf;
				ENABLE_STRICT_OBJC_MSGSEND = YES;
				ENABLE_TESTABILITY = YES;
				GCC_C_LANGUAGE_STANDARD = gnu11;
				GCC_DYNAMIC_NO_PIC = NO;
				GCC_NO_COMMON_BLOCKS = YES;
				GCC_OPTIMIZATION_LEVEL = 0;
				GCC_PREPROCESSOR_DEFINITIONS = (
					"DEBUG=1",
					"$(inherited)",
				);
				GCC_WARN_64_TO_32_BIT_CONVERSION = YES;
				GCC_WARN_ABOUT_RETURN_TYPE = YES_ERROR;
				GCC_WARN_UNDECLARED_SELECTOR = YES;
				GCC_WARN_UNINITIALIZED_AUTOS = YES_AGGRESSIVE;
				GCC_WARN_UNUSED_FUNCTION = YES;
				GCC_WARN_UNUSED_VARIABLE = YES;
				IPHONEOS_DEPLOYMENT_TARGET = 12.1;
				MTL_ENABLE_DEBUG_INFO = INCLUDE_SOURCE;
				MTL_FAST_MATH = YES;
				ONLY_ACTIVE_ARCH = YES;
				SDKROOT = iphoneos;
				SWIFT_ACTIVE_COMPILATION_CONDITIONS = DEBUG;
				SWIFT_OPTIMIZATION_LEVEL = "-Onone";
			};
			name = Debug;
		};
		18B9ABE321D713A000FBF534 /* Release */ = {
			isa = XCBuildConfiguration;
			buildSettings = {
				ALWAYS_SEARCH_USER_PATHS = NO;
				CLANG_ANALYZER_NONNULL = YES;
				CLANG_ANALYZER_NUMBER_OBJECT_CONVERSION = YES_AGGRESSIVE;
				CLANG_CXX_LANGUAGE_STANDARD = "gnu++14";
				CLANG_CXX_LIBRARY = "libc++";
				CLANG_ENABLE_MODULES = YES;
				CLANG_ENABLE_OBJC_ARC = YES;
				CLANG_ENABLE_OBJC_WEAK = YES;
				CLANG_WARN_BLOCK_CAPTURE_AUTORELEASING = YES;
				CLANG_WARN_BOOL_CONVERSION = YES;
				CLANG_WARN_COMMA = YES;
				CLANG_WARN_CONSTANT_CONVERSION = YES;
				CLANG_WARN_DEPRECATED_OBJC_IMPLEMENTATIONS = YES;
				CLANG_WARN_DIRECT_OBJC_ISA_USAGE = YES_ERROR;
				CLANG_WARN_DOCUMENTATION_COMMENTS = YES;
				CLANG_WARN_EMPTY_BODY = YES;
				CLANG_WARN_ENUM_CONVERSION = YES;
				CLANG_WARN_INFINITE_RECURSION = YES;
				CLANG_WARN_INT_CONVERSION = YES;
				CLANG_WARN_NON_LITERAL_NULL_CONVERSION = YES;
				CLANG_WARN_OBJC_IMPLICIT_RETAIN_SELF = YES;
				CLANG_WARN_OBJC_LITERAL_CONVERSION = YES;
				CLANG_WARN_OBJC_ROOT_CLASS = YES_ERROR;
				CLANG_WARN_RANGE_LOOP_ANALYSIS = YES;
				CLANG_WARN_STRICT_PROTOTYPES = YES;
				CLANG_WARN_SUSPICIOUS_MOVE = YES;
				CLANG_WARN_UNGUARDED_AVAILABILITY = YES_AGGRESSIVE;
				CLANG_WARN_UNREACHABLE_CODE = YES;
				CLANG_WARN__DUPLICATE_METHOD_MATCH = YES;
				CODE_SIGN_IDENTITY = "iPhone Developer";
				COPY_PHASE_STRIP = NO;
				DEBUG_INFORMATION_FORMAT = "dwarf-with-dsym";
				ENABLE_NS_ASSERTIONS = NO;
				ENABLE_STRICT_OBJC_MSGSEND = YES;
				GCC_C_LANGUAGE_STANDARD = gnu11;
				GCC_NO_COMMON_BLOCKS = YES;
				GCC_WARN_64_TO_32_BIT_CONVERSION = YES;
				GCC_WARN_ABOUT_RETURN_TYPE = YES_ERROR;
				GCC_WARN_UNDECLARED_SELECTOR = YES;
				GCC_WARN_UNINITIALIZED_AUTOS = YES_AGGRESSIVE;
				GCC_WARN_UNUSED_FUNCTION = YES;
				GCC_WARN_UNUSED_VARIABLE = YES;
				IPHONEOS_DEPLOYMENT_TARGET = 12.1;
				MTL_ENABLE_DEBUG_INFO = NO;
				MTL_FAST_MATH = YES;
				SDKROOT = iphoneos;
				SWIFT_COMPILATION_MODE = wholemodule;
				SWIFT_OPTIMIZATION_LEVEL = "-O";
				VALIDATE_PRODUCT = YES;
			};
			name = Release;
		};
		18B9ABE521D713A000FBF534 /* Debug */ = {
			isa = XCBuildConfiguration;
			buildSettings = {
				ASSETCATALOG_COMPILER_APPICON_NAME = AppIcon;
				CODE_SIGN_STYLE = Automatic;
				INFOPLIST_FILE = Test/Info.plist;
				LD_RUNPATH_SEARCH_PATHS = (
					"$(inherited)",
					"@executable_path/Frameworks",
				);
				PRODUCT_BUNDLE_IDENTIFIER = com.lax.Test;
				PRODUCT_NAME = "$(TARGET_NAME)";
				SWIFT_VERSION = 4.2;
				TARGETED_DEVICE_FAMILY = "1,2";
			};
			name = Debug;
		};
		18B9ABE621D713A000FBF534 /* Release */ = {
			isa = XCBuildConfiguration;
			buildSettings = {
				ASSETCATALOG_COMPILER_APPICON_NAME = AppIcon;
				CODE_SIGN_STYLE = Automatic;
				INFOPLIST_FILE = Test/Info.plist;
				LD_RUNPATH_SEARCH_PATHS = (
					"$(inherited)",
					"@executable_path/Frameworks",
				);
				PRODUCT_BUNDLE_IDENTIFIER = com.lax.Test;
				PRODUCT_NAME = "$(TARGET_NAME)";
				SWIFT_VERSION = 4.2;
				TARGETED_DEVICE_FAMILY = "1,2";
			};
			name = Release;
		};
		18B9ABE821D713A000FBF534 /* Debug */ = {
			isa = XCBuildConfiguration;
			buildSettings = {
				ALWAYS_EMBED_SWIFT_STANDARD_LIBRARIES = YES;
				BUNDLE_LOADER = "$(TEST_HOST)";
				CODE_SIGN_STYLE = Automatic;
				INFOPLIST_FILE = TestTests/Info.plist;
				LD_RUNPATH_SEARCH_PATHS = (
					"$(inherited)",
					"@executable_path/Frameworks",
					"@loader_path/Frameworks",
				);
				PRODUCT_BUNDLE_IDENTIFIER = com.lax.TestTests;
				PRODUCT_NAME = "$(TARGET_NAME)";
				SWIFT_VERSION = 4.2;
				TARGETED_DEVICE_FAMILY = "1,2";
				TEST_HOST = "$(BUILT_PRODUCTS_DIR)/Test.app/Test";
			};
			name = Debug;
		};
		18B9ABE921D713A000FBF534 /* Release */ = {
			isa = XCBuildConfiguration;
			buildSettings = {
				ALWAYS_EMBED_SWIFT_STANDARD_LIBRARIES = YES;
				BUNDLE_LOADER = "$(TEST_HOST)";
				CODE_SIGN_STYLE = Automatic;
				INFOPLIST_FILE = TestTests/Info.plist;
				LD_RUNPATH_SEARCH_PATHS = (
					"$(inherited)",
					"@executable_path/Frameworks",
					"@loader_path/Frameworks",
				);
				PRODUCT_BUNDLE_IDENTIFIER = com.lax.TestTests;
				PRODUCT_NAME = "$(TARGET_NAME)";
				SWIFT_VERSION = 4.2;
				TARGETED_DEVICE_FAMILY = "1,2";
				TEST_HOST = "$(BUILT_PRODUCTS_DIR)/Test.app/Test";
			};
			name = Release;
		};
		18B9ABEB21D713A000FBF534 /* Debug */ = {
			isa = XCBuildConfiguration;
			buildSettings = {
				ALWAYS_EMBED_SWIFT_STANDARD_LIBRARIES = YES;
				CODE_SIGN_STYLE = Automatic;
				INFOPLIST_FILE = TestUITests/Info.plist;
				LD_RUNPATH_SEARCH_PATHS = (
					"$(inherited)",
					"@executable_path/Frameworks",
					"@loader_path/Frameworks",
				);
				PRODUCT_BUNDLE_IDENTIFIER = com.lax.TestUITests;
				PRODUCT_NAME = "$(TARGET_NAME)";
				SWIFT_VERSION = 4.2;
				TARGETED_DEVICE_FAMILY = "1,2";
				TEST_TARGET_NAME = Test;
			};
			name = Debug;
		};
		18B9ABEC21D713A000FBF534 /* Release */ = {
			isa = XCBuildConfiguration;
			buildSettings = {
				ALWAYS_EMBED_SWIFT_STANDARD_LIBRARIES = YES;
				CODE_SIGN_STYLE = Automatic;
				INFOPLIST_FILE = TestUITests/Info.plist;
				LD_RUNPATH_SEARCH_PATHS = (
					"$(inherited)",
					"@executable_path/Frameworks",
					"@loader_path/Frameworks",
				);
				PRODUCT_BUNDLE_IDENTIFIER = com.lax.TestUITests;
				PRODUCT_NAME = "$(TARGET_NAME)";
				SWIFT_VERSION = 4.2;
				TARGETED_DEVICE_FAMILY = "1,2";
				TEST_TARGET_NAME = Test;
			};
			name = Release;
		};
/* End XCBuildConfiguration section */

/* Begin XCConfigurationList section */
		18B9ABB721D7139F00FBF534 /* Build configuration list for PBXProject "Test" */ = {
			isa = XCConfigurationList;
			buildConfigurations = (
				18B9ABE221D713A000FBF534 /* Debug */,
				18B9ABE321D713A000FBF534 /* Release */,
			);
			defaultConfigurationIsVisible = 0;
			defaultConfigurationName = Release;
		};
		18B9ABE421D713A000FBF534 /* Build configuration list for PBXNativeTarget "Test" */ = {
			isa = XCConfigurationList;
			buildConfigurations = (
				18B9ABE521D713A000FBF534 /* Debug */,
				18B9ABE621D713A000FBF534 /* Release */,
			);
			defaultConfigurationIsVisible = 0;
			defaultConfigurationName = Release;
		};
		18B9ABE721D713A000FBF534 /* Build configuration list for PBXNativeTarget "TestTests" */ = {
			isa = XCConfigurationList;
			buildConfigurations = (
				18B9ABE821D713A000FBF534 /* Debug */,
				18B9ABE921D713A000FBF534 /* Release */,
			);
			defaultConfigurationIsVisible = 0;
			defaultConfigurationName = Release;
		};
		18B9ABEA21D713A000FBF534 /* Build configuration list for PBXNativeTarget "TestUITests" */ = {
			isa = XCConfigurationList;
			buildConfigurations = (
				18B9ABEB21D713A000FBF534 /* Debug */,
				18B9ABEC21D713A000FBF534 /* Release */,
			);
			defaultConfigurationIsVisible = 0;
			defaultConfigurationName = Release;
		};
/* End XCConfigurationList section */
	};
	rootObject = 18B9ABB421D7139F00FBF534 /* Project object */;
}
